
Microsoft Visual Studio Solution File, Format Version 12.00
# Visual Studio Version 17
VisualStudioVersion = 17.9.34622.214
MinimumVisualStudioVersion = 10.0.40219.1
Project("{FAE04EC0-301F-11D3-BF4B-00C04F79EFBC}") = "RabbitMqProductAPI", "RabbitMqProductAPI\RabbitMqProductAPI.csproj", "{B53B1D84-A1CB-411E-A10F-DC119726FA93}"
EndProject
Project("{FAE04EC0-301F-11D3-BF4B-00C04F79EFBC}") = "RabbitMqProduct.ConsoleApplication", "RabbitMqProduct.ConsoleApplication\RabbitMqProduct.ConsoleApplication.csproj", "{5C8B89C3-3828-4D56-996F-BA642429B1BC}"
EndProject
Global
	GlobalSection(SolutionConfigurationPlatforms) = preSolution
		Debug|Any CPU = Debug|Any CPU
		Release|Any CPU = Release|Any CPU
	EndGlobalSection
	GlobalSection(ProjectConfigurationPlatforms) = postSolution
		{B53B1D84-A1CB-411E-A10F-DC119726FA93}.Debug|Any CPU.ActiveCfg = Debug|Any CPU
		{B53B1D84-A1CB-411E-A10F-DC119726FA93}.Debug|Any CPU.Build.0 = Debug|Any CPU
		{B53B1D84-A1CB-411E-A10F-DC119726FA93}.Release|Any CPU.ActiveCfg = Release|Any CPU
		{B53B1D84-A1CB-411E-A10F-DC119726FA93}.Release|Any CPU.Build.0 = Release|Any CPU
		{5C8B89C3-3828-4D56-996F-BA642429B1BC}.Debug|Any CPU.ActiveCfg = Debug|Any CPU
		{5C8B89C3-3828-4D56-996F-BA642429B1BC}.Debug|Any CPU.Build.0 = Debug|Any CPU
		{5C8B89C3-3828-4D56-996F-BA642429B1BC}.Release|Any CPU.ActiveCfg = Release|Any CPU
		{5C8B89C3-3828-4D56-996F-BA642429B1BC}.Release|Any CPU.Build.0 = Release|Any CPU
	EndGlobalSection
	GlobalSection(SolutionProperties) = preSolution
		HideSolutionNode = FALSE
	EndGlobalSection
	GlobalSection(ExtensibilityGlobals) = postSolution
		SolutionGuid = {4446D8DD-B83E-445B-88FC-38BDA1CF8764}
	EndGlobalSection
EndGlobal
